// !$*UTF8*$!
{
	archiveVersion = 1;
	classes = {
	};
	objectVersion = 55;
	objects = {

/* Begin PBXBuildFile section */
		D31B40DC28782E3400EDE1BF /* ThemeKitDemoApp.swift in Sources */ = {isa = PBXBuildFile; fileRef = D31B40DB28782E3400EDE1BF /* ThemeKitDemoApp.swift */; };
		D31B40DE28782E3400EDE1BF /* ContentView.swift in Sources */ = {isa = PBXBuildFile; fileRef = D31B40DD28782E3400EDE1BF /* ContentView.swift */; };
		D31B40E028782E3600EDE1BF /* Assets.xcassets in Resources */ = {isa = PBXBuildFile; fileRef = D31B40DF28782E3600EDE1BF /* Assets.xcassets */; };
		D31B40E328782E3600EDE1BF /* Preview Assets.xcassets in Resources */ = {isa = PBXBuildFile; fileRef = D31B40E228782E3600EDE1BF /* Preview Assets.xcassets */; };
		D31B40ED28782E8C00EDE1BF /* ThemeKit in Frameworks */ = {isa = PBXBuildFile; productRef = D31B40EC28782E8C00EDE1BF /* ThemeKit */; };
		D31B40EF287BEFE100EDE1BF /* ColorsView.swift in Sources */ = {isa = PBXBuildFile; fileRef = D31B40EE287BEFE100EDE1BF /* ColorsView.swift */; };
		D31B40F1287C112000EDE1BF /* FontsView.swift in Sources */ = {isa = PBXBuildFile; fileRef = D31B40F0287C112000EDE1BF /* FontsView.swift */; };
/* End PBXBuildFile section */

/* Begin PBXFileReference section */
		D31B40D828782E3400EDE1BF /* ThemeKitDemo.app */ = {isa = PBXFileReference; explicitFileType = wrapper.application; includeInIndex = 0; path = ThemeKitDemo.app; sourceTree = BUILT_PRODUCTS_DIR; };
		D31B40DB28782E3400EDE1BF /* ThemeKitDemoApp.swift */ = {isa = PBXFileReference; lastKnownFileType = sourcecode.swift; path = ThemeKitDemoApp.swift; sourceTree = "<group>"; };
		D31B40DD28782E3400EDE1BF /* ContentView.swift */ = {isa = PBXFileReference; lastKnownFileType = sourcecode.swift; path = ContentView.swift; sourceTree = "<group>"; };
		D31B40DF28782E3600EDE1BF /* Assets.xcassets */ = {isa = PBXFileReference; lastKnownFileType = folder.assetcatalog; path = Assets.xcassets; sourceTree = "<group>"; };
		D31B40E228782E3600EDE1BF /* Preview Assets.xcassets */ = {isa = PBXFileReference; lastKnownFileType = folder.assetcatalog; path = "Preview Assets.xcassets"; sourceTree = "<group>"; };
		D31B40EA28782E6E00EDE1BF /* ThemeKit */ = {isa = PBXFileReference; lastKnownFileType = wrapper; name = ThemeKit; path = ..; sourceTree = "<group>"; };
		D31B40EE287BEFE100EDE1BF /* ColorsView.swift */ = {isa = PBXFileReference; fileEncoding = 4; lastKnownFileType = sourcecode.swift; path = ColorsView.swift; sourceTree = "<group>"; };
		D31B40F0287C112000EDE1BF /* FontsView.swift */ = {isa = PBXFileReference; fileEncoding = 4; lastKnownFileType = sourcecode.swift; path = FontsView.swift; sourceTree = "<group>"; };
/* End PBXFileReference section */

/* Begin PBXFrameworksBuildPhase section */
		D31B40D528782E3400EDE1BF /* Frameworks */ = {
			isa = PBXFrameworksBuildPhase;
			buildActionMask = 2147483647;
			files = (
				D31B40ED28782E8C00EDE1BF /* ThemeKit in Frameworks */,
			);
			runOnlyForDeploymentPostprocessing = 0;
		};
/* End PBXFrameworksBuildPhase section */

/* Begin PBXGroup section */
		D31B40CF28782E3400EDE1BF = {
			isa = PBXGroup;
			children = (
				D31B40E928782E6E00EDE1BF /* Packages */,
				D31B40DA28782E3400EDE1BF /* ThemeKitDemo */,
				D31B40D928782E3400EDE1BF /* Products */,
				D31B40EB28782E8C00EDE1BF /* Frameworks */,
			);
			sourceTree = "<group>";
		};
		D31B40D928782E3400EDE1BF /* Products */ = {
			isa = PBXGroup;
			children = (
				D31B40D828782E3400EDE1BF /* ThemeKitDemo.app */,
			);
			name = Products;
			sourceTree = "<group>";
		};
		D31B40DA28782E3400EDE1BF /* ThemeKitDemo */ = {
			isa = PBXGroup;
			children = (
				D31B40F0287C112000EDE1BF /* FontsView.swift */,
				D31B40EE287BEFE100EDE1BF /* ColorsView.swift */,
				D31B40DB28782E3400EDE1BF /* ThemeKitDemoApp.swift */,
				D31B40DD28782E3400EDE1BF /* ContentView.swift */,
				D31B40DF28782E3600EDE1BF /* Assets.xcassets */,
				D31B40E128782E3600EDE1BF /* Preview Content */,
			);
			path = ThemeKitDemo;
			sourceTree = "<group>";
		};
		D31B40E128782E3600EDE1BF /* Preview Content */ = {
			isa = PBXGroup;
			children = (
				D31B40E228782E3600EDE1BF /* Preview Assets.xcassets */,
			);
			path = "Preview Content";
			sourceTree = "<group>";
		};
		D31B40E928782E6E00EDE1BF /* Packages */ = {
			isa = PBXGroup;
			children = (
				D31B40EA28782E6E00EDE1BF /* ThemeKit */,
			);
			name = Packages;
			sourceTree = "<group>";
		};
		D31B40EB28782E8C00EDE1BF /* Frameworks */ = {
			isa = PBXGroup;
			children = (
			);
			name = Frameworks;
			sourceTree = "<group>";
		};
/* End PBXGroup section */

/* Begin PBXNativeTarget section */
		D31B40D728782E3400EDE1BF /* ThemeKitDemo */ = {
			isa = PBXNativeTarget;
			buildConfigurationList = D31B40E628782E3600EDE1BF /* Build configuration list for PBXNativeTarget "ThemeKitDemo" */;
			buildPhases = (
				D31B40D428782E3400EDE1BF /* Sources */,
				D31B40D528782E3400EDE1BF /* Frameworks */,
				D31B40D628782E3400EDE1BF /* Resources */,
			);
			buildRules = (
			);
			dependencies = (
			);
			name = ThemeKitDemo;
			packageProductDependencies = (
				D31B40EC28782E8C00EDE1BF /* ThemeKit */,
			);
			productName = ThemeKitDemo;
			productReference = D31B40D828782E3400EDE1BF /* ThemeKitDemo.app */;
			productType = "com.apple.product-type.application";
		};
/* End PBXNativeTarget section */

/* Begin PBXProject section */
		D31B40D028782E3400EDE1BF /* Project object */ = {
			isa = PBXProject;
			attributes = {
				BuildIndependentTargetsInParallel = 1;
				LastSwiftUpdateCheck = 1340;
				LastUpgradeCheck = 1340;
				TargetAttributes = {
					D31B40D728782E3400EDE1BF = {
						CreatedOnToolsVersion = 13.4;
					};
				};
			};
			buildConfigurationList = D31B40D328782E3400EDE1BF /* Build configuration list for PBXProject "ThemeKitDemo" */;
			compatibilityVersion = "Xcode 13.0";
			developmentRegion = en;
			hasScannedForEncodings = 0;
			knownRegions = (
				en,
				Base,
			);
			mainGroup = D31B40CF28782E3400EDE1BF;
			productRefGroup = D31B40D928782E3400EDE1BF /* Products */;
			projectDirPath = "";
			projectRoot = "";
			targets = (
				D31B40D728782E3400EDE1BF /* ThemeKitDemo */,
			);
		};
/* End PBXProject section */

/* Begin PBXResourcesBuildPhase section */
		D31B40D628782E3400EDE1BF /* Resources */ = {
			isa = PBXResourcesBuildPhase;
			buildActionMask = 2147483647;
			files = (
				D31B40E328782E3600EDE1BF /* Preview Assets.xcassets in Resources */,
				D31B40E028782E3600EDE1BF /* Assets.xcassets in Resources */,
			);
			runOnlyForDeploymentPostprocessing = 0;
		};
/* End PBXResourcesBuildPhase section */

/* Begin PBXSourcesBuildPhase section */
		D31B40D428782E3400EDE1BF /* Sources */ = {
			isa = PBXSourcesBuildPhase;
			buildActionMask = 2147483647;
			files = (
				D31B40EF287BEFE100EDE1BF /* ColorsView.swift in Sources */,
				D31B40DE28782E3400EDE1BF /* ContentView.swift in Sources */,
				D31B40DC28782E3400EDE1BF /* ThemeKitDemoApp.swift in Sources */,
				D31B40F1287C112000EDE1BF /* FontsView.swift in Sources */,
			);
			runOnlyForDeploymentPostprocessing = 0;
		};
/* End PBXSourcesBuildPhase section */

/* Begin XCBuildConfiguration section */
		D31B40E428782E3600EDE1BF /* Debug */ = {
			isa = XCBuildConfiguration;
			buildSettings = {
				ALWAYS_SEARCH_USER_PATHS = NO;
				CLANG_ANALYZER_NONNULL = YES;
				CLANG_ANALYZER_NUMBER_OBJECT_CONVERSION = YES_AGGRESSIVE;
				CLANG_CXX_LANGUAGE_STANDARD = "gnu++17";
				CLANG_ENABLE_MODULES = YES;
				CLANG_ENABLE_OBJC_ARC = YES;
				CLANG_ENABLE_OBJC_WEAK = YES;
				CLANG_WARN_BLOCK_CAPTURE_AUTORELEASING = YES;
				CLANG_WARN_BOOL_CONVERSION = YES;
				CLANG_WARN_COMMA = YES;
				CLANG_WARN_CONSTANT_CONVERSION = YES;
				CLANG_WARN_DEPRECATED_OBJC_IMPLEMENTATIONS = YES;
				CLANG_WARN_DIRECT_OBJC_ISA_USAGE = YES_ERROR;
				CLANG_WARN_DOCUMENTATION_COMMENTS = YES;
				CLANG_WARN_EMPTY_BODY = YES;
				CLANG_WARN_ENUM_CONVERSION = YES;
				CLANG_WARN_INFINITE_RECURSION = YES;
				CLANG_WARN_INT_CONVERSION = YES;
				CLANG_WARN_NON_LITERAL_NULL_CONVERSION = YES;
				CLANG_WARN_OBJC_IMPLICIT_RETAIN_SELF = YES;
				CLANG_WARN_OBJC_LITERAL_CONVERSION = YES;
				CLANG_WARN_OBJC_ROOT_CLASS = YES_ERROR;
				CLANG_WARN_QUOTED_INCLUDE_IN_FRAMEWORK_HEADER = YES;
				CLANG_WARN_RANGE_LOOP_ANALYSIS = YES;
				CLANG_WARN_STRICT_PROTOTYPES = YES;
				CLANG_WARN_SUSPICIOUS_MOVE = YES;
				CLANG_WARN_UNGUARDED_AVAILABILITY = YES_AGGRESSIVE;
				CLANG_WARN_UNREACHABLE_CODE = YES;
				CLANG_WARN__DUPLICATE_METHOD_MATCH = YES;
				COPY_PHASE_STRIP = NO;
				DEBUG_INFORMATION_FORMAT = dwarf;
				ENABLE_STRICT_OBJC_MSGSEND = YES;
				ENABLE_TESTABILITY = YES;
				GCC_C_LANGUAGE_STANDARD = gnu11;
				GCC_DYNAMIC_NO_PIC = NO;
				GCC_NO_COMMON_BLOCKS = YES;
				GCC_OPTIMIZATION_LEVEL = 0;
				GCC_PREPROCESSOR_DEFINITIONS = (
					"DEBUG=1",
					"$(inherited)",
				);
				GCC_WARN_64_TO_32_BIT_CONVERSION = YES;
				GCC_WARN_ABOUT_RETURN_TYPE = YES_ERROR;
				GCC_WARN_UNDECLARED_SELECTOR = YES;
				GCC_WARN_UNINITIALIZED_AUTOS = YES_AGGRESSIVE;
				GCC_WARN_UNUSED_FUNCTION = YES;
				GCC_WARN_UNUSED_VARIABLE = YES;
				IPHONEOS_DEPLOYMENT_TARGET = 14.0;
				MTL_ENABLE_DEBUG_INFO = INCLUDE_SOURCE;
				MTL_FAST_MATH = YES;
				ONLY_ACTIVE_ARCH = YES;
				SDKROOT = iphoneos;
				SWIFT_ACTIVE_COMPILATION_CONDITIONS = DEBUG;
				SWIFT_OPTIMIZATION_LEVEL = "-Onone";
			};
			name = Debug;
		};
		D31B40E528782E3600EDE1BF /* Release */ = {
			isa = XCBuildConfiguration;
			buildSettings = {
				ALWAYS_SEARCH_USER_PATHS = NO;
				CLANG_ANALYZER_NONNULL = YES;
				CLANG_ANALYZER_NUMBER_OBJECT_CONVERSION = YES_AGGRESSIVE;
				CLANG_CXX_LANGUAGE_STANDARD = "gnu++17";
				CLANG_ENABLE_MODULES = YES;
				CLANG_ENABLE_OBJC_ARC = YES;
				CLANG_ENABLE_OBJC_WEAK = YES;
				CLANG_WARN_BLOCK_CAPTURE_AUTORELEASING = YES;
				CLANG_WARN_BOOL_CONVERSION = YES;
				CLANG_WARN_COMMA = YES;
				CLANG_WARN_CONSTANT_CONVERSION = YES;
				CLANG_WARN_DEPRECATED_OBJC_IMPLEMENTATIONS = YES;
				CLANG_WARN_DIRECT_OBJC_ISA_USAGE = YES_ERROR;
				CLANG_WARN_DOCUMENTATION_COMMENTS = YES;
				CLANG_WARN_EMPTY_BODY = YES;
				CLANG_WARN_ENUM_CONVERSION = YES;
				CLANG_WARN_INFINITE_RECURSION = YES;
				CLANG_WARN_INT_CONVERSION = YES;
				CLANG_WARN_NON_LITERAL_NULL_CONVERSION = YES;
				CLANG_WARN_OBJC_IMPLICIT_RETAIN_SELF = YES;
				CLANG_WARN_OBJC_LITERAL_CONVERSION = YES;
				CLANG_WARN_OBJC_ROOT_CLASS = YES_ERROR;
				CLANG_WARN_QUOTED_INCLUDE_IN_FRAMEWORK_HEADER = YES;
				CLANG_WARN_RANGE_LOOP_ANALYSIS = YES;
				CLANG_WARN_STRICT_PROTOTYPES = YES;
				CLANG_WARN_SUSPICIOUS_MOVE = YES;
				CLANG_WARN_UNGUARDED_AVAILABILITY = YES_AGGRESSIVE;
				CLANG_WARN_UNREACHABLE_CODE = YES;
				CLANG_WARN__DUPLICATE_METHOD_MATCH = YES;
				COPY_PHASE_STRIP = NO;
				DEBUG_INFORMATION_FORMAT = "dwarf-with-dsym";
				ENABLE_NS_ASSERTIONS = NO;
				ENABLE_STRICT_OBJC_MSGSEND = YES;
				GCC_C_LANGUAGE_STANDARD = gnu11;
				GCC_NO_COMMON_BLOCKS = YES;
				GCC_WARN_64_TO_32_BIT_CONVERSION = YES;
				GCC_WARN_ABOUT_RETURN_TYPE = YES_ERROR;
				GCC_WARN_UNDECLARED_SELECTOR = YES;
				GCC_WARN_UNINITIALIZED_AUTOS = YES_AGGRESSIVE;
				GCC_WARN_UNUSED_FUNCTION = YES;
				GCC_WARN_UNUSED_VARIABLE = YES;
				IPHONEOS_DEPLOYMENT_TARGET = 14.0;
				MTL_ENABLE_DEBUG_INFO = NO;
				MTL_FAST_MATH = YES;
				SDKROOT = iphoneos;
				SWIFT_COMPILATION_MODE = wholemodule;
				SWIFT_OPTIMIZATION_LEVEL = "-O";
				VALIDATE_PRODUCT = YES;
			};
			name = Release;
		};
		D31B40E728782E3600EDE1BF /* Debug */ = {
			isa = XCBuildConfiguration;
			buildSettings = {
				ASSETCATALOG_COMPILER_APPICON_NAME = AppIcon;
				ASSETCATALOG_COMPILER_GLOBAL_ACCENT_COLOR_NAME = AccentColor;
				CODE_SIGN_STYLE = Automatic;
				CURRENT_PROJECT_VERSION = 1;
				DEVELOPMENT_ASSET_PATHS = "\"ThemeKitDemo/Preview Content\"";
				DEVELOPMENT_TEAM = HC4MCAXJ66;
				ENABLE_PREVIEWS = YES;
				GENERATE_INFOPLIST_FILE = YES;
				INFOPLIST_KEY_UIApplicationSceneManifest_Generation = YES;
				INFOPLIST_KEY_UIApplicationSupportsIndirectInputEvents = YES;
				INFOPLIST_KEY_UILaunchScreen_Generation = YES;
				INFOPLIST_KEY_UISupportedInterfaceOrientations_iPad = "UIInterfaceOrientationPortrait UIInterfaceOrientationPortraitUpsideDown UIInterfaceOrientationLandscapeLeft UIInterfaceOrientationLandscapeRight";
				INFOPLIST_KEY_UISupportedInterfaceOrientations_iPhone = "UIInterfaceOrientationPortrait UIInterfaceOrientationLandscapeLeft UIInterfaceOrientationLandscapeRight";
				LD_RUNPATH_SEARCH_PATHS = (
					"$(inherited)",
					"@executable_path/Frameworks",
				);
				MARKETING_VERSION = 1.0;
				PRODUCT_BUNDLE_IDENTIFIER = io.horizontalsystems.ThemeKitDemo;
				PRODUCT_NAME = "$(TARGET_NAME)";
				SWIFT_EMIT_LOC_STRINGS = YES;
				SWIFT_VERSION = 5.0;
				TARGETED_DEVICE_FAMILY = "1,2";
			};
			name = Debug;
		};
		D31B40E828782E3600EDE1BF /* Release */ = {
			isa = XCBuildConfiguration;
			buildSettings = {
				ASSETCATALOG_COMPILER_APPICON_NAME = AppIcon;
				ASSETCATALOG_COMPILER_GLOBAL_ACCENT_COLOR_NAME = AccentColor;
				CODE_SIGN_STYLE = Automatic;
				CURRENT_PROJECT_VERSION = 1;
				DEVELOPMENT_ASSET_PATHS = "\"ThemeKitDemo/Preview Content\"";
				DEVELOPMENT_TEAM = HC4MCAXJ66;
				ENABLE_PREVIEWS = YES;
				GENERATE_INFOPLIST_FILE = YES;
				INFOPLIST_KEY_UIApplicationSceneManifest_Generation = YES;
				INFOPLIST_KEY_UIApplicationSupportsIndirectInputEvents = YES;
				INFOPLIST_KEY_UILaunchScreen_Generation = YES;
				INFOPLIST_KEY_UISupportedInterfaceOrientations_iPad = "UIInterfaceOrientationPortrait UIInterfaceOrientationPortraitUpsideDown UIInterfaceOrientationLandscapeLeft UIInterfaceOrientationLandscapeRight";
				INFOPLIST_KEY_UISupportedInterfaceOrientations_iPhone = "UIInterfaceOrientationPortrait UIInterfaceOrientationLandscapeLeft UIInterfaceOrientationLandscapeRight";
				LD_RUNPATH_SEARCH_PATHS = (
					"$(inherited)",
					"@executable_path/Frameworks",
				);
				MARKETING_VERSION = 1.0;
				PRODUCT_BUNDLE_IDENTIFIER = io.horizontalsystems.ThemeKitDemo;
				PRODUCT_NAME = "$(TARGET_NAME)";
				SWIFT_EMIT_LOC_STRINGS = YES;
				SWIFT_VERSION = 5.0;
				TARGETED_DEVICE_FAMILY = "1,2";
			};
			name = Release;
		};
/* End XCBuildConfiguration section */

/* Begin XCConfigurationList section */
		D31B40D328782E3400EDE1BF /* Build configuration list for PBXProject "ThemeKitDemo" */ = {
			isa = XCConfigurationList;
			buildConfigurations = (
				D31B40E428782E3600EDE1BF /* Debug */,
				D31B40E528782E3600EDE1BF /* Release */,
			);
			defaultConfigurationIsVisible = 0;
			defaultConfigurationName = Release;
		};
		D31B40E628782E3600EDE1BF /* Build configuration list for PBXNativeTarget "ThemeKitDemo" */ = {
			isa = XCConfigurationList;
			buildConfigurations = (
				D31B40E728782E3600EDE1BF /* Debug */,
				D31B40E828782E3600EDE1BF /* Release */,
			);
			defaultConfigurationIsVisible = 0;
			defaultConfigurationName = Release;
		};
/* End XCConfigurationList section */

/* Begin XCSwiftPackageProductDependency section */
		D31B40EC28782E8C00EDE1BF /* ThemeKit */ = {
			isa = XCSwiftPackageProductDependency;
			productName = ThemeKit;
		};
/* End XCSwiftPackageProductDependency section */
	};
	rootObject = D31B40D028782E3400EDE1BF /* Project object */;
}
